
Microsoft Visual Studio Solution File, Format Version 12.00
# Visual Studio Version 17
VisualStudioVersion = 17.2.32630.192
MinimumVisualStudioVersion = 10.0.40219.1
Project("{9A19103F-16F7-4668-BE54-9A1E7A4F7556}") = "BOB", "BOB.csproj", "{CF3FAFEE-A347-4CE1-B680-09DCDD421D26}"
EndProject
Project("{D954291E-2A0B-460D-934E-DC6B0785DB48}") = "AlgernonCommonsPatchingShared", "..\AlgernonCommons\AlgernonCommonsPatchingShared.shproj", "{25AEF446-6F0D-43A8-BB84-D1306789B68C}"
EndProject
Global
	GlobalSection(SolutionConfigurationPlatforms) = preSolution
		Debug|Any CPU = Debug|Any CPU
		Release|Any CPU = Release|Any CPU
	EndGlobalSection
	GlobalSection(ProjectConfigurationPlatforms) = postSolution
		{CF3FAFEE-A347-4CE1-B680-09DCDD421D26}.Debug|Any CPU.ActiveCfg = Debug|Any CPU
		{CF3FAFEE-A347-4CE1-B680-09DCDD421D26}.Debug|Any CPU.Build.0 = Debug|Any CPU
		{CF3FAFEE-A347-4CE1-B680-09DCDD421D26}.Release|Any CPU.ActiveCfg = Release|Any CPU
		{CF3FAFEE-A347-4CE1-B680-09DCDD421D26}.Release|Any CPU.Build.0 = Release|Any CPU
	EndGlobalSection
	GlobalSection(SolutionProperties) = preSolution
		HideSolutionNode = FALSE
	EndGlobalSection
	GlobalSection(ExtensibilityGlobals) = postSolution
		SolutionGuid = {2E957AA6-BA44-4453-8F97-0EEB9716B2F9}
	EndGlobalSection
	GlobalSection(SharedMSBuildProjectFiles) = preSolution
		..\AlgernonCommons\AlgernonCommonsPatchingShared.projitems*{25aef446-6f0d-43a8-bb84-d1306789b68c}*SharedItemsImports = 13
		..\AlgernonCommons\AlgernonCommonsPatchingShared.projitems*{cf3fafee-a347-4ce1-b680-09dcdd421d26}*SharedItemsImports = 5
	EndGlobalSection
EndGlobal
