
Microsoft Visual Studio Solution File, Format Version 12.00
# Visual Studio Version 16
VisualStudioVersion = 16.0.30503.244
MinimumVisualStudioVersion = 10.0.40219.1
Project("{FAE04EC0-301F-11D3-BF4B-00C04F79EFBC}") = "BOB", "BOB.csproj", "{CF3FAFEE-A347-4CE1-B680-09DCDD421D26}"
EndProject
Global
	GlobalSection(SolutionConfigurationPlatforms) = preSolution
		Debug|Any CPU = Debug|Any CPU
		Release|Any CPU = Release|Any CPU
	EndGlobalSection
	GlobalSection(ProjectConfigurationPlatforms) = postSolution
		{CF3FAFEE-A347-4CE1-B680-09DCDD421D26}.Debug|Any CPU.ActiveCfg = Debug|Any CPU
		{CF3FAFEE-A347-4CE1-B680-09DCDD421D26}.Debug|Any CPU.Build.0 = Debug|Any CPU
		{CF3FAFEE-A347-4CE1-B680-09DCDD421D26}.Release|Any CPU.ActiveCfg = Release|Any CPU
		{CF3FAFEE-A347-4CE1-B680-09DCDD421D26}.Release|Any CPU.Build.0 = Release|Any CPU
	EndGlobalSection
	GlobalSection(SolutionProperties) = preSolution
		HideSolutionNode = FALSE
	EndGlobalSection
	GlobalSection(ExtensibilityGlobals) = postSolution
		SolutionGuid = {2E957AA6-BA44-4453-8F97-0EEB9716B2F9}
	EndGlobalSection
EndGlobal
